
Microsoft Visual Studio Solution File, Format Version 12.00
# Visual Studio 15
VisualStudioVersion = 15.0.27428.2002
MinimumVisualStudioVersion = 10.0.40219.1
Project("{00D1A9C2-B5F0-4AF3-8072-F6C62B433612}") = "Installation01", "Installation01.sqlproj", "{0627DCAC-71E5-4EB7-8A92-68E4048506E9}"
EndProject
Global
	GlobalSection(SolutionConfigurationPlatforms) = preSolution
		Debug|Any CPU = Debug|Any CPU
		Release|Any CPU = Release|Any CPU
	EndGlobalSection
	GlobalSection(ProjectConfigurationPlatforms) = postSolution
		{0627DCAC-71E5-4EB7-8A92-68E4048506E9}.Debug|Any CPU.ActiveCfg = Debug|Any CPU
		{0627DCAC-71E5-4EB7-8A92-68E4048506E9}.Debug|Any CPU.Build.0 = Debug|Any CPU
		{0627DCAC-71E5-4EB7-8A92-68E4048506E9}.Debug|Any CPU.Deploy.0 = Debug|Any CPU
		{0627DCAC-71E5-4EB7-8A92-68E4048506E9}.Release|Any CPU.ActiveCfg = Release|Any CPU
		{0627DCAC-71E5-4EB7-8A92-68E4048506E9}.Release|Any CPU.Build.0 = Release|Any CPU
		{0627DCAC-71E5-4EB7-8A92-68E4048506E9}.Release|Any CPU.Deploy.0 = Release|Any CPU
	EndGlobalSection
	GlobalSection(SolutionProperties) = preSolution
		HideSolutionNode = FALSE
	EndGlobalSection
	GlobalSection(ExtensibilityGlobals) = postSolution
		SolutionGuid = {68AEF5B0-A955-4EB1-83D0-7BDD2BA02638}
	EndGlobalSection
EndGlobal
